<?xml version="1.0" encoding="utf-8"?>
<Project ToolsVersion="4.0" xmlns="http://schemas.microsoft.com/developer/msbuild/2003">
  <ItemGroup>
    <Filter Include="exceptions">
      <UniqueIdentifier>{67C00D32-5378-4F7F-BC7F-28DBA856EA6F}</UniqueIdentifier>
    </Filter>
    <Filter Include="streams">
      <UniqueIdentifier>{E44707AF-5027-864A-593F-1121C59DECAB}</UniqueIdentifier>
    </Filter>
    <Filter Include="streams\writers">
      <UniqueIdentifier>{43BC3442-AF47-A206-B858-25FB2463FE06}</UniqueIdentifier>
    </Filter>
    <Filter Include="util">
      <UniqueIdentifier>{43339F7C-2F6A-A00D-D856-8610C46C1C0F}</UniqueIdentifier>
    </Filter>
  </ItemGroup>
  <ItemGroup>
    <ClInclude Include="src\athena.h" />
    <ClInclude Include="src\core.h" />
    <ClInclude Include="src\exceptions\indexBoundsException.h">
      <Filter>exceptions</Filter>
    </ClInclude>
    <ClInclude Include="src\streams\writers\streamWriter.h">
      <Filter>streams\writers</Filter>
    </ClInclude>
    <ClInclude Include="src\util\buffer.h">
      <Filter>util</Filter>
    </ClInclude>
    <ClInclude Include="src\streams\compression\thirdparty\lz4.h" />
    <ClInclude Include="src\streams\compression\thirdparty\lz4frame.h" />
    <ClInclude Include="src\streams\compression\thirdparty\lz4hc.h" />
    <ClInclude Include="src\streams\compression\thirdparty\xxhash.h" />
    <ClInclude Include="src\streams\compression\compressedBuffer.h" />
    <ClInclude Include="src\exceptions\compressionException.h" />
    <ClInclude Include="src\streams\writers\fileStreamWriter.h" />
    <ClInclude Include="src\streams\readers\streamReader.h" />
    <ClInclude Include="src\streams\readers\fileStreamReader.h" />
    <ClInclude Include="src\exceptions\badStreamException.h" />
  </ItemGroup>
  <ItemGroup>
    <ClCompile Include="src\util\buffer.cpp">
      <Filter>util</Filter>
    </ClCompile>
    <ClCompile Include="src\streams\compression\thirdparty\lz4.c" />
    <ClCompile Include="src\streams\compression\thirdparty\lz4frame.c" />
    <ClCompile Include="src\streams\compression\thirdparty\xxhash.c" />
    <ClCompile Include="src\streams\compression\thirdparty\lz4hc.c" />
    <ClCompile Include="src\streams\compression\compressedBuffer.cpp" />
    <ClCompile Include="src\streams\writers\fileStreamWriter.cpp" />
    <ClCompile Include="src\streams\readers\fileStreamReader.cpp" />
  </ItemGroup>
</Project>