<?xml version="1.0" encoding="utf-8"?>
<Project ToolsVersion="4.0" xmlns="http://schemas.microsoft.com/developer/msbuild/2003">
  <ItemGroup>
    <Filter Include="exceptions">
      <UniqueIdentifier>{67C00D32-5378-4F7F-BC7F-28DBA856EA6F}</UniqueIdentifier>
    </Filter>
    <Filter Include="streams">
      <UniqueIdentifier>{E44707AF-5027-864A-593F-1121C59DECAB}</UniqueIdentifier>
    </Filter>
    <Filter Include="streams\compression">
      <UniqueIdentifier>{659C1EFF-D1FD-FB0C-5A6B-42BFC6CB32CC}</UniqueIdentifier>
    </Filter>
    <Filter Include="streams\compression\thirdparty">
      <UniqueIdentifier>{3F007BF0-2B26-4557-146C-CA2200316A23}</UniqueIdentifier>
    </Filter>
    <Filter Include="streams\readers">
      <UniqueIdentifier>{39F264A2-A57D-D266-AE8E-555B1A992E67}</UniqueIdentifier>
    </Filter>
    <Filter Include="streams\writers">
      <UniqueIdentifier>{43BC3442-AF47-A206-B858-25FB2463FE06}</UniqueIdentifier>
    </Filter>
    <Filter Include="util">
      <UniqueIdentifier>{43339F7C-2F6A-A00D-D856-8610C46C1C0F}</UniqueIdentifier>
    </Filter>
  </ItemGroup>
  <ItemGroup>
    <ClInclude Include="src\athena.h" />
    <ClInclude Include="src\core.h" />
    <ClInclude Include="src\exceptions\badStreamException.h">
      <Filter>exceptions</Filter>
    </ClInclude>
    <ClInclude Include="src\exceptions\compressionException.h">
      <Filter>exceptions</Filter>
    </ClInclude>
    <ClInclude Include="src\exceptions\indexBoundsException.h">
      <Filter>exceptions</Filter>
    </ClInclude>
    <ClInclude Include="src\streams\compression\compressedBuffer.h">
      <Filter>streams\compression</Filter>
    </ClInclude>
    <ClInclude Include="src\streams\compression\thirdparty\lz4.h">
      <Filter>streams\compression\thirdparty</Filter>
    </ClInclude>
    <ClInclude Include="src\streams\compression\thirdparty\lz4frame.h">
      <Filter>streams\compression\thirdparty</Filter>
    </ClInclude>
    <ClInclude Include="src\streams\compression\thirdparty\lz4hc.h">
      <Filter>streams\compression\thirdparty</Filter>
    </ClInclude>
    <ClInclude Include="src\streams\compression\thirdparty\xxhash.h">
      <Filter>streams\compression\thirdparty</Filter>
    </ClInclude>
    <ClInclude Include="src\streams\readers\fileStreamReader.h">
      <Filter>streams\readers</Filter>
    </ClInclude>
    <ClInclude Include="src\streams\readers\streamReader.h">
      <Filter>streams\readers</Filter>
    </ClInclude>
    <ClInclude Include="src\streams\writers\fileStreamWriter.h">
      <Filter>streams\writers</Filter>
    </ClInclude>
    <ClInclude Include="src\streams\writers\streamWriter.h">
      <Filter>streams\writers</Filter>
    </ClInclude>
    <ClInclude Include="src\util\buffer.h">
      <Filter>util</Filter>
    </ClInclude>
  </ItemGroup>
  <ItemGroup>
    <ClCompile Include="src\streams\compression\compressedBuffer.cpp">
      <Filter>streams\compression</Filter>
    </ClCompile>
    <ClCompile Include="src\streams\readers\fileStreamReader.cpp">
      <Filter>streams\readers</Filter>
    </ClCompile>
    <ClCompile Include="src\streams\writers\fileStreamWriter.cpp">
      <Filter>streams\writers</Filter>
    </ClCompile>
    <ClCompile Include="src\util\buffer.cpp">
      <Filter>util</Filter>
    </ClCompile>
  </ItemGroup>
</Project>